
Microsoft Visual Studio Solution File, Format Version 11.00
# Visual Studio 2010
Project("{FAE04EC0-301F-11D3-BF4B-00C04F79EFBC}") = "Ck_Democracy", "Assembly-CSharp.csproj", "{F96989DA-79E0-4EA8-551D-9E378900A51B}"
EndProject
Global
	GlobalSection(SolutionConfigurationPlatforms) = preSolution
		Debug|Any CPU = Debug|Any CPU
		Release|Any CPU = Release|Any CPU
	EndGlobalSection
	GlobalSection(ProjectConfigurationPlatforms) = postSolution
		{F96989DA-79E0-4EA8-551D-9E378900A51B}.Debug|Any CPU.ActiveCfg = Debug|Any CPU
		{F96989DA-79E0-4EA8-551D-9E378900A51B}.Debug|Any CPU.Build.0 = Debug|Any CPU
		{F96989DA-79E0-4EA8-551D-9E378900A51B}.Release|Any CPU.ActiveCfg = Release|Any CPU
		{F96989DA-79E0-4EA8-551D-9E378900A51B}.Release|Any CPU.Build.0 = Release|Any CPU
	EndGlobalSection
	GlobalSection(SolutionProperties) = preSolution
		HideSolutionNode = FALSE
	EndGlobalSection
	GlobalSection(MonoDevelopProperties) = preSolution
		StartupItem = Assembly-CSharp.csproj
	EndGlobalSection
EndGlobal
